
Microsoft Visual Studio Solution File, Format Version 12.00
# Visual Studio 14
VisualStudioVersion = 14.0.25420.1
MinimumVisualStudioVersion = 10.0.40219.1
Project("{FAE04EC0-301F-11D3-BF4B-00C04F79EFBC}") = "WebApi", "WebApi\WebApi.csproj", "{D0E0389A-3F61-496F-9821-33A73C5E68BB}"
EndProject
Project("{FAE04EC0-301F-11D3-BF4B-00C04F79EFBC}") = "ConsoleApplication1", "ConsoleApplication1\ConsoleApplication1.csproj", "{804176D7-D10D-459B-9F85-930F6F3C9D50}"
EndProject
Global
	GlobalSection(SolutionConfigurationPlatforms) = preSolution
		Debug|Any CPU = Debug|Any CPU
		Release|Any CPU = Release|Any CPU
	EndGlobalSection
	GlobalSection(ProjectConfigurationPlatforms) = postSolution
		{D0E0389A-3F61-496F-9821-33A73C5E68BB}.Debug|Any CPU.ActiveCfg = Debug|Any CPU
		{D0E0389A-3F61-496F-9821-33A73C5E68BB}.Debug|Any CPU.Build.0 = Debug|Any CPU
		{D0E0389A-3F61-496F-9821-33A73C5E68BB}.Release|Any CPU.ActiveCfg = Release|Any CPU
		{D0E0389A-3F61-496F-9821-33A73C5E68BB}.Release|Any CPU.Build.0 = Release|Any CPU
		{804176D7-D10D-459B-9F85-930F6F3C9D50}.Debug|Any CPU.ActiveCfg = Debug|Any CPU
		{804176D7-D10D-459B-9F85-930F6F3C9D50}.Debug|Any CPU.Build.0 = Debug|Any CPU
		{804176D7-D10D-459B-9F85-930F6F3C9D50}.Release|Any CPU.ActiveCfg = Release|Any CPU
		{804176D7-D10D-459B-9F85-930F6F3C9D50}.Release|Any CPU.Build.0 = Release|Any CPU
	EndGlobalSection
	GlobalSection(SolutionProperties) = preSolution
		HideSolutionNode = FALSE
	EndGlobalSection
EndGlobal
